// !$*UTF8*$!
{
	archiveVersion = 1;
	classes = {
	};
	objectVersion = 51;
	objects = {

/* Begin PBXBuildFile section */
		0A0645D82418419AE9BDBFCE /* ExpoModulesProvider.swift in Sources */ = {isa = PBXBuildFile; fileRef = 716DF85D15D0C56F7F84C69A /* ExpoModulesProvider.swift */; };
		51E1FCF227C6A4C600CA03F7 /* HIDMobileLibraryModule.h in Headers */ = {isa = PBXBuildFile; fileRef = 51E1FCF027C6A4C600CA03F7 /* HIDMobileLibraryModule.h */; settings = {ATTRIBUTES = (Public, ); }; };
		F10EEA2873DB58F23B834301 /* libPods-HIDMobileLibraryModule.a in Frameworks */ = {isa = PBXBuildFile; fileRef = 255C85A218825A8345019E65 /* libPods-HIDMobileLibraryModule.a */; };
/* End PBXBuildFile section */

/* Begin PBXFileReference section */
		255C85A218825A8345019E65 /* libPods-HIDMobileLibraryModule.a */ = {isa = PBXFileReference; explicitFileType = archive.ar; includeInIndex = 0; path = "libPods-HIDMobileLibraryModule.a"; sourceTree = BUILT_PRODUCTS_DIR; };
		51E1FCED27C6A4C600CA03F7 /* HIDMobileLibraryModule.framework */ = {isa = PBXFileReference; explicitFileType = wrapper.framework; includeInIndex = 0; path = HIDMobileLibraryModule.framework; sourceTree = BUILT_PRODUCTS_DIR; };
		51E1FCF027C6A4C600CA03F7 /* HIDMobileLibraryModule.h */ = {isa = PBXFileReference; lastKnownFileType = sourcecode.c.h; path = HIDMobileLibraryModule.h; sourceTree = "<group>"; };
		51E1FCF127C6A4C600CA03F7 /* Info.plist */ = {isa = PBXFileReference; lastKnownFileType = text.plist.xml; path = Info.plist; sourceTree = "<group>"; };
		716DF85D15D0C56F7F84C69A /* ExpoModulesProvider.swift */ = {isa = PBXFileReference; includeInIndex = 1; lastKnownFileType = sourcecode.swift; name = ExpoModulesProvider.swift; path = "Pods/Target Support Files/Pods-HIDMobileLibraryModule/ExpoModulesProvider.swift"; sourceTree = "<group>"; };
		8A94B71936DB3E77097484C9 /* Pods-HIDMobileLibraryModule.debug.xcconfig */ = {isa = PBXFileReference; includeInIndex = 1; lastKnownFileType = text.xcconfig; name = "Pods-HIDMobileLibraryModule.debug.xcconfig"; path = "Target Support Files/Pods-HIDMobileLibraryModule/Pods-HIDMobileLibraryModule.debug.xcconfig"; sourceTree = "<group>"; };
		D96BDDC42A94CDC79A66A583 /* Pods-HIDMobileLibraryModule.release.xcconfig */ = {isa = PBXFileReference; includeInIndex = 1; lastKnownFileType = text.xcconfig; name = "Pods-HIDMobileLibraryModule.release.xcconfig"; path = "Target Support Files/Pods-HIDMobileLibraryModule/Pods-HIDMobileLibraryModule.release.xcconfig"; sourceTree = "<group>"; };
/* End PBXFileReference section */

/* Begin PBXFrameworksBuildPhase section */
		51E1FCEA27C6A4C600CA03F7 /* Frameworks */ = {
			isa = PBXFrameworksBuildPhase;
			buildActionMask = 2147483647;
			files = (
				F10EEA2873DB58F23B834301 /* libPods-HIDMobileLibraryModule.a in Frameworks */,
			);
			runOnlyForDeploymentPostprocessing = 0;
		};
/* End PBXFrameworksBuildPhase section */

/* Begin PBXGroup section */
		09DF668F3362D80AF32956E9 /* Pods */ = {
			isa = PBXGroup;
			children = (
				8A94B71936DB3E77097484C9 /* Pods-HIDMobileLibraryModule.debug.xcconfig */,
				D96BDDC42A94CDC79A66A583 /* Pods-HIDMobileLibraryModule.release.xcconfig */,
			);
			path = Pods;
			sourceTree = "<group>";
		};
		38FCC949DEFB819C0EF570B8 /* Frameworks */ = {
			isa = PBXGroup;
			children = (
				255C85A218825A8345019E65 /* libPods-HIDMobileLibraryModule.a */,
			);
			name = Frameworks;
			sourceTree = "<group>";
		};
		42A239DBB5AFC6959B2A7DC3 /* ExpoModulesProviders */ = {
			isa = PBXGroup;
			children = (
				A6A78159DDEB5A1D622FB831 /* HIDMobileLibraryModule */,
			);
			name = ExpoModulesProviders;
			sourceTree = "<group>";
		};
		51E1FCE327C6A4C600CA03F7 = {
			isa = PBXGroup;
			children = (
				51E1FCEF27C6A4C600CA03F7 /* HIDMobileLibraryModule */,
				51E1FCEE27C6A4C600CA03F7 /* Products */,
				09DF668F3362D80AF32956E9 /* Pods */,
				38FCC949DEFB819C0EF570B8 /* Frameworks */,
				42A239DBB5AFC6959B2A7DC3 /* ExpoModulesProviders */,
			);
			sourceTree = "<group>";
		};
		51E1FCEE27C6A4C600CA03F7 /* Products */ = {
			isa = PBXGroup;
			children = (
				51E1FCED27C6A4C600CA03F7 /* HIDMobileLibraryModule.framework */,
			);
			name = Products;
			sourceTree = "<group>";
		};
		51E1FCEF27C6A4C600CA03F7 /* HIDMobileLibraryModule */ = {
			isa = PBXGroup;
			children = (
				51E1FCF027C6A4C600CA03F7 /* HIDMobileLibraryModule.h */,
				51E1FCF127C6A4C600CA03F7 /* Info.plist */,
			);
			path = HIDMobileLibraryModule;
			sourceTree = "<group>";
		};
		A6A78159DDEB5A1D622FB831 /* HIDMobileLibraryModule */ = {
			isa = PBXGroup;
			children = (
				716DF85D15D0C56F7F84C69A /* ExpoModulesProvider.swift */,
			);
			name = HIDMobileLibraryModule;
			sourceTree = "<group>";
		};
/* End PBXGroup section */

/* Begin PBXHeadersBuildPhase section */
		51E1FCE827C6A4C600CA03F7 /* Headers */ = {
			isa = PBXHeadersBuildPhase;
			buildActionMask = 2147483647;
			files = (
				51E1FCF227C6A4C600CA03F7 /* HIDMobileLibraryModule.h in Headers */,
			);
			runOnlyForDeploymentPostprocessing = 0;
		};
/* End PBXHeadersBuildPhase section */

/* Begin PBXNativeTarget section */
		51E1FCEC27C6A4C600CA03F7 /* HIDMobileLibraryModule */ = {
			isa = PBXNativeTarget;
			buildConfigurationList = 51E1FCF527C6A4C600CA03F7 /* Build configuration list for PBXNativeTarget "HIDMobileLibraryModule" */;
			buildPhases = (
				6776DB10EC7A3FCD0E1DCA47 /* [CP] Check Pods Manifest.lock */,
				51E1FCE827C6A4C600CA03F7 /* Headers */,
				51E1FCE927C6A4C600CA03F7 /* Sources */,
				51E1FCEA27C6A4C600CA03F7 /* Frameworks */,
				51E1FCEB27C6A4C600CA03F7 /* Resources */,
				2D7EDE99FD16B29EA216DFD6 /* [CP] Copy Pods Resources */,
			);
			buildRules = (
			);
			dependencies = (
			);
			name = HIDMobileLibraryModule;
			productName = HIDMobileLibraryModule;
			productReference = 51E1FCED27C6A4C600CA03F7 /* HIDMobileLibraryModule.framework */;
			productType = "com.apple.product-type.framework";
		};
/* End PBXNativeTarget section */

/* Begin PBXProject section */
		51E1FCE427C6A4C600CA03F7 /* Project object */ = {
			isa = PBXProject;
			attributes = {
				LastUpgradeCheck = 1250;
				TargetAttributes = {
					51E1FCEC27C6A4C600CA03F7 = {
						CreatedOnToolsVersion = 12.5.1;
					};
				};
			};
			buildConfigurationList = 51E1FCE727C6A4C600CA03F7 /* Build configuration list for PBXProject "HIDMobileLibraryModule" */;
			compatibilityVersion = "Xcode 9.3";
			developmentRegion = en;
			hasScannedForEncodings = 0;
			knownRegions = (
				en,
				Base,
			);
			mainGroup = 51E1FCE327C6A4C600CA03F7;
			productRefGroup = 51E1FCEE27C6A4C600CA03F7 /* Products */;
			projectDirPath = "";
			projectRoot = "";
			targets = (
				51E1FCEC27C6A4C600CA03F7 /* HIDMobileLibraryModule */,
			);
		};
/* End PBXProject section */

/* Begin PBXResourcesBuildPhase section */
		51E1FCEB27C6A4C600CA03F7 /* Resources */ = {
			isa = PBXResourcesBuildPhase;
			buildActionMask = 2147483647;
			files = (
			);
			runOnlyForDeploymentPostprocessing = 0;
		};
/* End PBXResourcesBuildPhase section */

/* Begin PBXShellScriptBuildPhase section */
		2D7EDE99FD16B29EA216DFD6 /* [CP] Copy Pods Resources */ = {
			isa = PBXShellScriptBuildPhase;
			buildActionMask = 2147483647;
			files = (
			);
			inputFileListPaths = (
				"${PODS_ROOT}/Target Support Files/Pods-HIDMobileLibraryModule/Pods-HIDMobileLibraryModule-resources-${CONFIGURATION}-input-files.xcfilelist",
			);
			name = "[CP] Copy Pods Resources";
			outputFileListPaths = (
				"${PODS_ROOT}/Target Support Files/Pods-HIDMobileLibraryModule/Pods-HIDMobileLibraryModule-resources-${CONFIGURATION}-output-files.xcfilelist",
			);
			runOnlyForDeploymentPostprocessing = 0;
			shellPath = /bin/sh;
			shellScript = "\"${PODS_ROOT}/Target Support Files/Pods-HIDMobileLibraryModule/Pods-HIDMobileLibraryModule-resources.sh\"\n";
			showEnvVarsInLog = 0;
		};
		6776DB10EC7A3FCD0E1DCA47 /* [CP] Check Pods Manifest.lock */ = {
			isa = PBXShellScriptBuildPhase;
			buildActionMask = 2147483647;
			files = (
			);
			inputFileListPaths = (
			);
			inputPaths = (
				"${PODS_PODFILE_DIR_PATH}/Podfile.lock",
				"${PODS_ROOT}/Manifest.lock",
			);
			name = "[CP] Check Pods Manifest.lock";
			outputFileListPaths = (
			);
			outputPaths = (
				"$(DERIVED_FILE_DIR)/Pods-HIDMobileLibraryModule-checkManifestLockResult.txt",
			);
			runOnlyForDeploymentPostprocessing = 0;
			shellPath = /bin/sh;
			shellScript = "diff \"${PODS_PODFILE_DIR_PATH}/Podfile.lock\" \"${PODS_ROOT}/Manifest.lock\" > /dev/null\nif [ $? != 0 ] ; then\n    # print error to STDERR\n    echo \"error: The sandbox is not in sync with the Podfile.lock. Run 'pod install' or update your CocoaPods installation.\" >&2\n    exit 1\nfi\n# This output is used by Xcode 'outputs' to avoid re-running this script phase.\necho \"SUCCESS\" > \"${SCRIPT_OUTPUT_FILE_0}\"\n";
			showEnvVarsInLog = 0;
		};
/* End PBXShellScriptBuildPhase section */

/* Begin PBXSourcesBuildPhase section */
		51E1FCE927C6A4C600CA03F7 /* Sources */ = {
			isa = PBXSourcesBuildPhase;
			buildActionMask = 2147483647;
			files = (
				0A0645D82418419AE9BDBFCE /* ExpoModulesProvider.swift in Sources */,
			);
			runOnlyForDeploymentPostprocessing = 0;
		};
/* End PBXSourcesBuildPhase section */

/* Begin XCBuildConfiguration section */
		51E1FCF327C6A4C600CA03F7 /* Debug */ = {
			isa = XCBuildConfiguration;
			buildSettings = {
				ALWAYS_SEARCH_USER_PATHS = NO;
				CLANG_ANALYZER_NONNULL = YES;
				CLANG_ANALYZER_NUMBER_OBJECT_CONVERSION = YES_AGGRESSIVE;
				CLANG_CXX_LANGUAGE_STANDARD = "gnu++14";
				CLANG_CXX_LIBRARY = "libc++";
				CLANG_ENABLE_MODULES = YES;
				CLANG_ENABLE_OBJC_ARC = YES;
				CLANG_ENABLE_OBJC_WEAK = YES;
				CLANG_WARN_BLOCK_CAPTURE_AUTORELEASING = YES;
				CLANG_WARN_BOOL_CONVERSION = YES;
				CLANG_WARN_COMMA = YES;
				CLANG_WARN_CONSTANT_CONVERSION = YES;
				CLANG_WARN_DEPRECATED_OBJC_IMPLEMENTATIONS = YES;
				CLANG_WARN_DIRECT_OBJC_ISA_USAGE = YES_ERROR;
				CLANG_WARN_DOCUMENTATION_COMMENTS = YES;
				CLANG_WARN_EMPTY_BODY = YES;
				CLANG_WARN_ENUM_CONVERSION = YES;
				CLANG_WARN_INFINITE_RECURSION = YES;
				CLANG_WARN_INT_CONVERSION = YES;
				CLANG_WARN_NON_LITERAL_NULL_CONVERSION = YES;
				CLANG_WARN_OBJC_IMPLICIT_RETAIN_SELF = YES;
				CLANG_WARN_OBJC_LITERAL_CONVERSION = YES;
				CLANG_WARN_OBJC_ROOT_CLASS = YES_ERROR;
				CLANG_WARN_QUOTED_INCLUDE_IN_FRAMEWORK_HEADER = YES;
				CLANG_WARN_RANGE_LOOP_ANALYSIS = YES;
				CLANG_WARN_STRICT_PROTOTYPES = YES;
				CLANG_WARN_SUSPICIOUS_MOVE = YES;
				CLANG_WARN_UNGUARDED_AVAILABILITY = YES_AGGRESSIVE;
				CLANG_WARN_UNREACHABLE_CODE = YES;
				CLANG_WARN__DUPLICATE_METHOD_MATCH = YES;
				COPY_PHASE_STRIP = NO;
				CURRENT_PROJECT_VERSION = 1;
				DEBUG_INFORMATION_FORMAT = dwarf;
				ENABLE_STRICT_OBJC_MSGSEND = YES;
				ENABLE_TESTABILITY = YES;
				GCC_C_LANGUAGE_STANDARD = gnu11;
				GCC_DYNAMIC_NO_PIC = NO;
				GCC_NO_COMMON_BLOCKS = YES;
				GCC_OPTIMIZATION_LEVEL = 0;
				GCC_PREPROCESSOR_DEFINITIONS = (
					"DEBUG=1",
					"$(inherited)",
				);
				GCC_WARN_64_TO_32_BIT_CONVERSION = YES;
				GCC_WARN_ABOUT_RETURN_TYPE = YES_ERROR;
				GCC_WARN_UNDECLARED_SELECTOR = YES;
				GCC_WARN_UNINITIALIZED_AUTOS = YES_AGGRESSIVE;
				GCC_WARN_UNUSED_FUNCTION = YES;
				GCC_WARN_UNUSED_VARIABLE = YES;
				IPHONEOS_DEPLOYMENT_TARGET = 12.1;
				MTL_ENABLE_DEBUG_INFO = INCLUDE_SOURCE;
				MTL_FAST_MATH = YES;
				ONLY_ACTIVE_ARCH = YES;
				SDKROOT = iphoneos;
				SWIFT_ACTIVE_COMPILATION_CONDITIONS = DEBUG;
				SWIFT_OPTIMIZATION_LEVEL = "-Onone";
				VERSIONING_SYSTEM = "apple-generic";
				VERSION_INFO_PREFIX = "";
			};
			name = Debug;
		};
		51E1FCF427C6A4C600CA03F7 /* Release */ = {
			isa = XCBuildConfiguration;
			buildSettings = {
				ALWAYS_SEARCH_USER_PATHS = NO;
				CLANG_ANALYZER_NONNULL = YES;
				CLANG_ANALYZER_NUMBER_OBJECT_CONVERSION = YES_AGGRESSIVE;
				CLANG_CXX_LANGUAGE_STANDARD = "gnu++14";
				CLANG_CXX_LIBRARY = "libc++";
				CLANG_ENABLE_MODULES = YES;
				CLANG_ENABLE_OBJC_ARC = YES;
				CLANG_ENABLE_OBJC_WEAK = YES;
				CLANG_WARN_BLOCK_CAPTURE_AUTORELEASING = YES;
				CLANG_WARN_BOOL_CONVERSION = YES;
				CLANG_WARN_COMMA = YES;
				CLANG_WARN_CONSTANT_CONVERSION = YES;
				CLANG_WARN_DEPRECATED_OBJC_IMPLEMENTATIONS = YES;
				CLANG_WARN_DIRECT_OBJC_ISA_USAGE = YES_ERROR;
				CLANG_WARN_DOCUMENTATION_COMMENTS = YES;
				CLANG_WARN_EMPTY_BODY = YES;
				CLANG_WARN_ENUM_CONVERSION = YES;
				CLANG_WARN_INFINITE_RECURSION = YES;
				CLANG_WARN_INT_CONVERSION = YES;
				CLANG_WARN_NON_LITERAL_NULL_CONVERSION = YES;
				CLANG_WARN_OBJC_IMPLICIT_RETAIN_SELF = YES;
				CLANG_WARN_OBJC_LITERAL_CONVERSION = YES;
				CLANG_WARN_OBJC_ROOT_CLASS = YES_ERROR;
				CLANG_WARN_QUOTED_INCLUDE_IN_FRAMEWORK_HEADER = YES;
				CLANG_WARN_RANGE_LOOP_ANALYSIS = YES;
				CLANG_WARN_STRICT_PROTOTYPES = YES;
				CLANG_WARN_SUSPICIOUS_MOVE = YES;
				CLANG_WARN_UNGUARDED_AVAILABILITY = YES_AGGRESSIVE;
				CLANG_WARN_UNREACHABLE_CODE = YES;
				CLANG_WARN__DUPLICATE_METHOD_MATCH = YES;
				COPY_PHASE_STRIP = NO;
				CURRENT_PROJECT_VERSION = 1;
				DEBUG_INFORMATION_FORMAT = "dwarf-with-dsym";
				ENABLE_NS_ASSERTIONS = NO;
				ENABLE_STRICT_OBJC_MSGSEND = YES;
				GCC_C_LANGUAGE_STANDARD = gnu11;
				GCC_NO_COMMON_BLOCKS = YES;
				GCC_WARN_64_TO_32_BIT_CONVERSION = YES;
				GCC_WARN_ABOUT_RETURN_TYPE = YES_ERROR;
				GCC_WARN_UNDECLARED_SELECTOR = YES;
				GCC_WARN_UNINITIALIZED_AUTOS = YES_AGGRESSIVE;
				GCC_WARN_UNUSED_FUNCTION = YES;
				GCC_WARN_UNUSED_VARIABLE = YES;
				IPHONEOS_DEPLOYMENT_TARGET = 12.1;
				MTL_ENABLE_DEBUG_INFO = NO;
				MTL_FAST_MATH = YES;
				SDKROOT = iphoneos;
				SWIFT_COMPILATION_MODE = wholemodule;
				SWIFT_OPTIMIZATION_LEVEL = "-O";
				VALIDATE_PRODUCT = YES;
				VERSIONING_SYSTEM = "apple-generic";
				VERSION_INFO_PREFIX = "";
			};
			name = Release;
		};
		51E1FCF627C6A4C600CA03F7 /* Debug */ = {
			isa = XCBuildConfiguration;
			baseConfigurationReference = 8A94B71936DB3E77097484C9 /* Pods-HIDMobileLibraryModule.debug.xcconfig */;
			buildSettings = {
				CODE_SIGN_STYLE = Automatic;
				DEFINES_MODULE = YES;
				DEVELOPMENT_TEAM = M2ZSK9JJBS;
				DYLIB_COMPATIBILITY_VERSION = 1;
				DYLIB_CURRENT_VERSION = 1;
				DYLIB_INSTALL_NAME_BASE = "@rpath";
				INFOPLIST_FILE = HIDMobileLibraryModule/Info.plist;
				INSTALL_PATH = "$(LOCAL_LIBRARY_DIR)/Frameworks";
				IPHONEOS_DEPLOYMENT_TARGET = 12.1;
				LD_RUNPATH_SEARCH_PATHS = (
					"$(inherited)",
					"@executable_path/Frameworks",
					"@loader_path/Frameworks",
				);
				PRODUCT_BUNDLE_IDENTIFIER = com.robindalmy.HIDMobileLibraryModule;
				PRODUCT_NAME = "$(TARGET_NAME:c99extidentifier)";
				SKIP_INSTALL = YES;
				SUPPORTS_MACCATALYST = NO;
				SWIFT_VERSION = 5.0;
				TARGETED_DEVICE_FAMILY = "1,2";
			};
			name = Debug;
		};
		51E1FCF727C6A4C600CA03F7 /* Release */ = {
			isa = XCBuildConfiguration;
			baseConfigurationReference = D96BDDC42A94CDC79A66A583 /* Pods-HIDMobileLibraryModule.release.xcconfig */;
			buildSettings = {
				CODE_SIGN_STYLE = Automatic;
				DEFINES_MODULE = YES;
				DEVELOPMENT_TEAM = M2ZSK9JJBS;
				DYLIB_COMPATIBILITY_VERSION = 1;
				DYLIB_CURRENT_VERSION = 1;
				DYLIB_INSTALL_NAME_BASE = "@rpath";
				INFOPLIST_FILE = HIDMobileLibraryModule/Info.plist;
				INSTALL_PATH = "$(LOCAL_LIBRARY_DIR)/Frameworks";
				IPHONEOS_DEPLOYMENT_TARGET = 12.1;
				LD_RUNPATH_SEARCH_PATHS = (
					"$(inherited)",
					"@executable_path/Frameworks",
					"@loader_path/Frameworks",
				);
				PRODUCT_BUNDLE_IDENTIFIER = com.robindalmy.HIDMobileLibraryModule;
				PRODUCT_NAME = "$(TARGET_NAME:c99extidentifier)";
				SKIP_INSTALL = YES;
				SUPPORTS_MACCATALYST = NO;
				SWIFT_VERSION = 5.0;
				TARGETED_DEVICE_FAMILY = "1,2";
			};
			name = Release;
		};
/* End XCBuildConfiguration section */

/* Begin XCConfigurationList section */
		51E1FCE727C6A4C600CA03F7 /* Build configuration list for PBXProject "HIDMobileLibraryModule" */ = {
			isa = XCConfigurationList;
			buildConfigurations = (
				51E1FCF327C6A4C600CA03F7 /* Debug */,
				51E1FCF427C6A4C600CA03F7 /* Release */,
			);
			defaultConfigurationIsVisible = 0;
			defaultConfigurationName = Release;
		};
		51E1FCF527C6A4C600CA03F7 /* Build configuration list for PBXNativeTarget "HIDMobileLibraryModule" */ = {
			isa = XCConfigurationList;
			buildConfigurations = (
				51E1FCF627C6A4C600CA03F7 /* Debug */,
				51E1FCF727C6A4C600CA03F7 /* Release */,
			);
			defaultConfigurationIsVisible = 0;
			defaultConfigurationName = Release;
		};
/* End XCConfigurationList section */
	};
	rootObject = 51E1FCE427C6A4C600CA03F7 /* Project object */;
}
